
Microsoft Visual Studio Solution File, Format Version 12.00
# Visual Studio Version 17
VisualStudioVersion = 17.0.31903.59
MinimumVisualStudioVersion = 10.0.40219.1
Project("{2150E333-8FDC-42A3-9474-1A3956D46DE8}") = "src", "src", "{827E0CD3-B72D-47B6-A68D-7590B98EB39B}"
EndProject
Project("{FAE04EC0-301F-11D3-BF4B-00C04F79EFBC}") = "D2App.ClientApi", "src\D2App.ClientApi\D2App.ClientApi.csproj", "{75DAA3F1-10B0-49B4-9F0B-1975455FE45F}"
EndProject
Project("{FAE04EC0-301F-11D3-BF4B-00C04F79EFBC}") = "D2App.Application", "src\D2App.Application\D2App.Application.csproj", "{3D06B6F8-1D77-49DD-A8E9-B93ACE951C93}"
EndProject
Project("{FAE04EC0-301F-11D3-BF4B-00C04F79EFBC}") = "D2App.Domain", "src\D2App.Domain\D2App.Domain.csproj", "{09D50012-E14A-41C7-ACE9-C80E625A53C5}"
EndProject
Project("{FAE04EC0-301F-11D3-BF4B-00C04F79EFBC}") = "D2App.Infrastructure", "src\D2App.Infrastructure\D2App.Infrastructure.csproj", "{7A55DC76-F887-45F2-AD4A-AA66340A8024}"
EndProject
Project("{FAE04EC0-301F-11D3-BF4B-00C04F79EFBC}") = "D2App.Shared", "src\D2App.Shared\D2App.Shared.csproj", "{0489987E-04CE-4069-BBEC-0A61F46847A7}"
EndProject
Project("{2150E333-8FDC-42A3-9474-1A3956D46DE8}") = "tests", "tests", "{0AB3BF05-4346-4AA6-1389-037BE0695223}"
EndProject
Project("{FAE04EC0-301F-11D3-BF4B-00C04F79EFBC}") = "D2App.Tests.UnitTests", "tests\D2App.Tests.UnitTests\D2App.Tests.UnitTests.csproj", "{18FBFAD1-158A-4226-BF36-DBE9C1298A25}"
EndProject
Project("{FAE04EC0-301F-11D3-BF4B-00C04F79EFBC}") = "D2App.Tests.IntegrationTests", "tests\D2App.Tests.IntegrationTests\D2App.Tests.IntegrationTests.csproj", "{23CBB8E3-02FE-4A34-A2B9-AAA382D0E661}"
EndProject
Global
	GlobalSection(SolutionConfigurationPlatforms) = preSolution
		Debug|Any CPU = Debug|Any CPU
		Debug|x64 = Debug|x64
		Debug|x86 = Debug|x86
		Release|Any CPU = Release|Any CPU
		Release|x64 = Release|x64
		Release|x86 = Release|x86
	EndGlobalSection
	GlobalSection(ProjectConfigurationPlatforms) = postSolution
		{75DAA3F1-10B0-49B4-9F0B-1975455FE45F}.Debug|Any CPU.ActiveCfg = Debug|Any CPU
		{75DAA3F1-10B0-49B4-9F0B-1975455FE45F}.Debug|Any CPU.Build.0 = Debug|Any CPU
		{75DAA3F1-10B0-49B4-9F0B-1975455FE45F}.Debug|x64.ActiveCfg = Debug|Any CPU
		{75DAA3F1-10B0-49B4-9F0B-1975455FE45F}.Debug|x64.Build.0 = Debug|Any CPU
		{75DAA3F1-10B0-49B4-9F0B-1975455FE45F}.Debug|x86.ActiveCfg = Debug|Any CPU
		{75DAA3F1-10B0-49B4-9F0B-1975455FE45F}.Debug|x86.Build.0 = Debug|Any CPU
		{75DAA3F1-10B0-49B4-9F0B-1975455FE45F}.Release|Any CPU.ActiveCfg = Release|Any CPU
		{75DAA3F1-10B0-49B4-9F0B-1975455FE45F}.Release|Any CPU.Build.0 = Release|Any CPU
		{75DAA3F1-10B0-49B4-9F0B-1975455FE45F}.Release|x64.ActiveCfg = Release|Any CPU
		{75DAA3F1-10B0-49B4-9F0B-1975455FE45F}.Release|x64.Build.0 = Release|Any CPU
		{75DAA3F1-10B0-49B4-9F0B-1975455FE45F}.Release|x86.ActiveCfg = Release|Any CPU
		{75DAA3F1-10B0-49B4-9F0B-1975455FE45F}.Release|x86.Build.0 = Release|Any CPU
		{3D06B6F8-1D77-49DD-A8E9-B93ACE951C93}.Debug|Any CPU.ActiveCfg = Debug|Any CPU
		{3D06B6F8-1D77-49DD-A8E9-B93ACE951C93}.Debug|Any CPU.Build.0 = Debug|Any CPU
		{3D06B6F8-1D77-49DD-A8E9-B93ACE951C93}.Debug|x64.ActiveCfg = Debug|Any CPU
		{3D06B6F8-1D77-49DD-A8E9-B93ACE951C93}.Debug|x64.Build.0 = Debug|Any CPU
		{3D06B6F8-1D77-49DD-A8E9-B93ACE951C93}.Debug|x86.ActiveCfg = Debug|Any CPU
		{3D06B6F8-1D77-49DD-A8E9-B93ACE951C93}.Debug|x86.Build.0 = Debug|Any CPU
		{3D06B6F8-1D77-49DD-A8E9-B93ACE951C93}.Release|Any CPU.ActiveCfg = Release|Any CPU
		{3D06B6F8-1D77-49DD-A8E9-B93ACE951C93}.Release|Any CPU.Build.0 = Release|Any CPU
		{3D06B6F8-1D77-49DD-A8E9-B93ACE951C93}.Release|x64.ActiveCfg = Release|Any CPU
		{3D06B6F8-1D77-49DD-A8E9-B93ACE951C93}.Release|x64.Build.0 = Release|Any CPU
		{3D06B6F8-1D77-49DD-A8E9-B93ACE951C93}.Release|x86.ActiveCfg = Release|Any CPU
		{3D06B6F8-1D77-49DD-A8E9-B93ACE951C93}.Release|x86.Build.0 = Release|Any CPU
		{09D50012-E14A-41C7-ACE9-C80E625A53C5}.Debug|Any CPU.ActiveCfg = Debug|Any CPU
		{09D50012-E14A-41C7-ACE9-C80E625A53C5}.Debug|Any CPU.Build.0 = Debug|Any CPU
		{09D50012-E14A-41C7-ACE9-C80E625A53C5}.Debug|x64.ActiveCfg = Debug|Any CPU
		{09D50012-E14A-41C7-ACE9-C80E625A53C5}.Debug|x64.Build.0 = Debug|Any CPU
		{09D50012-E14A-41C7-ACE9-C80E625A53C5}.Debug|x86.ActiveCfg = Debug|Any CPU
		{09D50012-E14A-41C7-ACE9-C80E625A53C5}.Debug|x86.Build.0 = Debug|Any CPU
		{09D50012-E14A-41C7-ACE9-C80E625A53C5}.Release|Any CPU.ActiveCfg = Release|Any CPU
		{09D50012-E14A-41C7-ACE9-C80E625A53C5}.Release|Any CPU.Build.0 = Release|Any CPU
		{09D50012-E14A-41C7-ACE9-C80E625A53C5}.Release|x64.ActiveCfg = Release|Any CPU
		{09D50012-E14A-41C7-ACE9-C80E625A53C5}.Release|x64.Build.0 = Release|Any CPU
		{09D50012-E14A-41C7-ACE9-C80E625A53C5}.Release|x86.ActiveCfg = Release|Any CPU
		{09D50012-E14A-41C7-ACE9-C80E625A53C5}.Release|x86.Build.0 = Release|Any CPU
		{7A55DC76-F887-45F2-AD4A-AA66340A8024}.Debug|Any CPU.ActiveCfg = Debug|Any CPU
		{7A55DC76-F887-45F2-AD4A-AA66340A8024}.Debug|Any CPU.Build.0 = Debug|Any CPU
		{7A55DC76-F887-45F2-AD4A-AA66340A8024}.Debug|x64.ActiveCfg = Debug|Any CPU
		{7A55DC76-F887-45F2-AD4A-AA66340A8024}.Debug|x64.Build.0 = Debug|Any CPU
		{7A55DC76-F887-45F2-AD4A-AA66340A8024}.Debug|x86.ActiveCfg = Debug|Any CPU
		{7A55DC76-F887-45F2-AD4A-AA66340A8024}.Debug|x86.Build.0 = Debug|Any CPU
		{7A55DC76-F887-45F2-AD4A-AA66340A8024}.Release|Any CPU.ActiveCfg = Release|Any CPU
		{7A55DC76-F887-45F2-AD4A-AA66340A8024}.Release|Any CPU.Build.0 = Release|Any CPU
		{7A55DC76-F887-45F2-AD4A-AA66340A8024}.Release|x64.ActiveCfg = Release|Any CPU
		{7A55DC76-F887-45F2-AD4A-AA66340A8024}.Release|x64.Build.0 = Release|Any CPU
		{7A55DC76-F887-45F2-AD4A-AA66340A8024}.Release|x86.ActiveCfg = Release|Any CPU
		{7A55DC76-F887-45F2-AD4A-AA66340A8024}.Release|x86.Build.0 = Release|Any CPU
		{0489987E-04CE-4069-BBEC-0A61F46847A7}.Debug|Any CPU.ActiveCfg = Debug|Any CPU
		{0489987E-04CE-4069-BBEC-0A61F46847A7}.Debug|Any CPU.Build.0 = Debug|Any CPU
		{0489987E-04CE-4069-BBEC-0A61F46847A7}.Debug|x64.ActiveCfg = Debug|Any CPU
		{0489987E-04CE-4069-BBEC-0A61F46847A7}.Debug|x64.Build.0 = Debug|Any CPU
		{0489987E-04CE-4069-BBEC-0A61F46847A7}.Debug|x86.ActiveCfg = Debug|Any CPU
		{0489987E-04CE-4069-BBEC-0A61F46847A7}.Debug|x86.Build.0 = Debug|Any CPU
		{0489987E-04CE-4069-BBEC-0A61F46847A7}.Release|Any CPU.ActiveCfg = Release|Any CPU
		{0489987E-04CE-4069-BBEC-0A61F46847A7}.Release|Any CPU.Build.0 = Release|Any CPU
		{0489987E-04CE-4069-BBEC-0A61F46847A7}.Release|x64.ActiveCfg = Release|Any CPU
		{0489987E-04CE-4069-BBEC-0A61F46847A7}.Release|x64.Build.0 = Release|Any CPU
		{0489987E-04CE-4069-BBEC-0A61F46847A7}.Release|x86.ActiveCfg = Release|Any CPU
		{0489987E-04CE-4069-BBEC-0A61F46847A7}.Release|x86.Build.0 = Release|Any CPU
		{18FBFAD1-158A-4226-BF36-DBE9C1298A25}.Debug|Any CPU.ActiveCfg = Debug|Any CPU
		{18FBFAD1-158A-4226-BF36-DBE9C1298A25}.Debug|Any CPU.Build.0 = Debug|Any CPU
		{18FBFAD1-158A-4226-BF36-DBE9C1298A25}.Debug|x64.ActiveCfg = Debug|Any CPU
		{18FBFAD1-158A-4226-BF36-DBE9C1298A25}.Debug|x64.Build.0 = Debug|Any CPU
		{18FBFAD1-158A-4226-BF36-DBE9C1298A25}.Debug|x86.ActiveCfg = Debug|Any CPU
		{18FBFAD1-158A-4226-BF36-DBE9C1298A25}.Debug|x86.Build.0 = Debug|Any CPU
		{18FBFAD1-158A-4226-BF36-DBE9C1298A25}.Release|Any CPU.ActiveCfg = Release|Any CPU
		{18FBFAD1-158A-4226-BF36-DBE9C1298A25}.Release|Any CPU.Build.0 = Release|Any CPU
		{18FBFAD1-158A-4226-BF36-DBE9C1298A25}.Release|x64.ActiveCfg = Release|Any CPU
		{18FBFAD1-158A-4226-BF36-DBE9C1298A25}.Release|x64.Build.0 = Release|Any CPU
		{18FBFAD1-158A-4226-BF36-DBE9C1298A25}.Release|x86.ActiveCfg = Release|Any CPU
		{18FBFAD1-158A-4226-BF36-DBE9C1298A25}.Release|x86.Build.0 = Release|Any CPU
		{23CBB8E3-02FE-4A34-A2B9-AAA382D0E661}.Debug|Any CPU.ActiveCfg = Debug|Any CPU
		{23CBB8E3-02FE-4A34-A2B9-AAA382D0E661}.Debug|Any CPU.Build.0 = Debug|Any CPU
		{23CBB8E3-02FE-4A34-A2B9-AAA382D0E661}.Debug|x64.ActiveCfg = Debug|Any CPU
		{23CBB8E3-02FE-4A34-A2B9-AAA382D0E661}.Debug|x64.Build.0 = Debug|Any CPU
		{23CBB8E3-02FE-4A34-A2B9-AAA382D0E661}.Debug|x86.ActiveCfg = Debug|Any CPU
		{23CBB8E3-02FE-4A34-A2B9-AAA382D0E661}.Debug|x86.Build.0 = Debug|Any CPU
		{23CBB8E3-02FE-4A34-A2B9-AAA382D0E661}.Release|Any CPU.ActiveCfg = Release|Any CPU
		{23CBB8E3-02FE-4A34-A2B9-AAA382D0E661}.Release|Any CPU.Build.0 = Release|Any CPU
		{23CBB8E3-02FE-4A34-A2B9-AAA382D0E661}.Release|x64.ActiveCfg = Release|Any CPU
		{23CBB8E3-02FE-4A34-A2B9-AAA382D0E661}.Release|x64.Build.0 = Release|Any CPU
		{23CBB8E3-02FE-4A34-A2B9-AAA382D0E661}.Release|x86.ActiveCfg = Release|Any CPU
		{23CBB8E3-02FE-4A34-A2B9-AAA382D0E661}.Release|x86.Build.0 = Release|Any CPU
	EndGlobalSection
	GlobalSection(SolutionProperties) = preSolution
		HideSolutionNode = FALSE
	EndGlobalSection
	GlobalSection(NestedProjects) = preSolution
		{75DAA3F1-10B0-49B4-9F0B-1975455FE45F} = {827E0CD3-B72D-47B6-A68D-7590B98EB39B}
		{3D06B6F8-1D77-49DD-A8E9-B93ACE951C93} = {827E0CD3-B72D-47B6-A68D-7590B98EB39B}
		{09D50012-E14A-41C7-ACE9-C80E625A53C5} = {827E0CD3-B72D-47B6-A68D-7590B98EB39B}
		{7A55DC76-F887-45F2-AD4A-AA66340A8024} = {827E0CD3-B72D-47B6-A68D-7590B98EB39B}
		{0489987E-04CE-4069-BBEC-0A61F46847A7} = {827E0CD3-B72D-47B6-A68D-7590B98EB39B}
		{18FBFAD1-158A-4226-BF36-DBE9C1298A25} = {0AB3BF05-4346-4AA6-1389-037BE0695223}
		{23CBB8E3-02FE-4A34-A2B9-AAA382D0E661} = {0AB3BF05-4346-4AA6-1389-037BE0695223}
	EndGlobalSection
EndGlobal
